
Microsoft Visual Studio Solution File, Format Version 12.00
# Visual Studio Version 17
VisualStudioVersion = 17.7.34024.191
MinimumVisualStudioVersion = 10.0.40219.1
Project("{9A19103F-16F7-4668-BE54-9A1E7A4F7556}") = "ProgrammingAppVersion2", "ProgrammingAppP3TestTestTest\ProgrammingAppVersion2.csproj", "{8F97EF65-9A18-473B-B833-FA02244199AA}"
EndProject
Global
	GlobalSection(SolutionConfigurationPlatforms) = preSolution
		Debug|Any CPU = Debug|Any CPU
		Release|Any CPU = Release|Any CPU
	EndGlobalSection
	GlobalSection(ProjectConfigurationPlatforms) = postSolution
		{8F97EF65-9A18-473B-B833-FA02244199AA}.Debug|Any CPU.ActiveCfg = Debug|Any CPU
		{8F97EF65-9A18-473B-B833-FA02244199AA}.Debug|Any CPU.Build.0 = Debug|Any CPU
		{8F97EF65-9A18-473B-B833-FA02244199AA}.Release|Any CPU.ActiveCfg = Release|Any CPU
		{8F97EF65-9A18-473B-B833-FA02244199AA}.Release|Any CPU.Build.0 = Release|Any CPU
	EndGlobalSection
	GlobalSection(SolutionProperties) = preSolution
		HideSolutionNode = FALSE
	EndGlobalSection
	GlobalSection(ExtensibilityGlobals) = postSolution
		SolutionGuid = {6503BE72-DB62-410A-B58C-AE99B15E80E2}
	EndGlobalSection
EndGlobal
